
Microsoft Visual Studio Solution File, Format Version 12.00
# Visual Studio 15
VisualStudioVersion = 15.0.27130.2036
MinimumVisualStudioVersion = 10.0.40219.1
Project("{FAE04EC0-301F-11D3-BF4B-00C04F79EFBC}") = "MetroUI", "MetroUI\MetroUI.csproj", "{810EFF4A-7A4F-49ED-9273-E5675FB51536}"
EndProject
Global
	GlobalSection(SolutionConfigurationPlatforms) = preSolution
		Debug|Any CPU = Debug|Any CPU
		Release|Any CPU = Release|Any CPU
	EndGlobalSection
	GlobalSection(ProjectConfigurationPlatforms) = postSolution
		{810EFF4A-7A4F-49ED-9273-E5675FB51536}.Debug|Any CPU.ActiveCfg = Debug|Any CPU
		{810EFF4A-7A4F-49ED-9273-E5675FB51536}.Debug|Any CPU.Build.0 = Debug|Any CPU
		{810EFF4A-7A4F-49ED-9273-E5675FB51536}.Release|Any CPU.ActiveCfg = Release|Any CPU
		{810EFF4A-7A4F-49ED-9273-E5675FB51536}.Release|Any CPU.Build.0 = Release|Any CPU
	EndGlobalSection
	GlobalSection(SolutionProperties) = preSolution
		HideSolutionNode = FALSE
	EndGlobalSection
	GlobalSection(ExtensibilityGlobals) = postSolution
		SolutionGuid = {5D75E969-63FC-4035-AC74-BD41BCFD25DC}
	EndGlobalSection
EndGlobal
